// !$*UTF8*$!
{
	archiveVersion = 1;
	classes = {
	};
	objectVersion = 77;
	objects = {

/* Begin PBXContainerItemProxy section */
		3076AAA82DCB91B1004579FD /* PBXContainerItemProxy */ = {
			isa = PBXContainerItemProxy;
			containerPortal = 3076AA892DCB91B0004579FD /* Project object */;
			proxyType = 1;
			remoteGlobalIDString = 3076AA902DCB91B0004579FD;
			remoteInfo = ProductsListApp;
		};
		3076AAB22DCB91B1004579FD /* PBXContainerItemProxy */ = {
			isa = PBXContainerItemProxy;
			containerPortal = 3076AA892DCB91B0004579FD /* Project object */;
			proxyType = 1;
			remoteGlobalIDString = 3076AA902DCB91B0004579FD;
			remoteInfo = ProductsListApp;
		};
/* End PBXContainerItemProxy section */

/* Begin PBXFileReference section */
		3076AA912DCB91B0004579FD /* ProductsListApp.app */ = {isa = PBXFileReference; explicitFileType = wrapper.application; includeInIndex = 0; path = ProductsListApp.app; sourceTree = BUILT_PRODUCTS_DIR; };
		3076AAA72DCB91B1004579FD /* ProductsListAppTests.xctest */ = {isa = PBXFileReference; explicitFileType = wrapper.cfbundle; includeInIndex = 0; path = ProductsListAppTests.xctest; sourceTree = BUILT_PRODUCTS_DIR; };
		3076AAB12DCB91B1004579FD /* ProductsListAppUITests.xctest */ = {isa = PBXFileReference; explicitFileType = wrapper.cfbundle; includeInIndex = 0; path = ProductsListAppUITests.xctest; sourceTree = BUILT_PRODUCTS_DIR; };
/* End PBXFileReference section */

/* Begin PBXFileSystemSynchronizedBuildFileExceptionSet section */
		3076AAB92DCB91B1004579FD /* Exceptions for "ProductsListApp" folder in "ProductsListApp" target */ = {
			isa = PBXFileSystemSynchronizedBuildFileExceptionSet;
			membershipExceptions = (
				Info.plist,
			);
			target = 3076AA902DCB91B0004579FD /* ProductsListApp */;
		};
/* End PBXFileSystemSynchronizedBuildFileExceptionSet section */

/* Begin PBXFileSystemSynchronizedRootGroup section */
		3076AA932DCB91B0004579FD /* ProductsListApp */ = {
			isa = PBXFileSystemSynchronizedRootGroup;
			exceptions = (
				3076AAB92DCB91B1004579FD /* Exceptions for "ProductsListApp" folder in "ProductsListApp" target */,
			);
			path = ProductsListApp;
			sourceTree = "<group>";
		};
		3076AAAA2DCB91B1004579FD /* ProductsListAppTests */ = {
			isa = PBXFileSystemSynchronizedRootGroup;
			path = ProductsListAppTests;
			sourceTree = "<group>";
		};
		3076AAB42DCB91B1004579FD /* ProductsListAppUITests */ = {
			isa = PBXFileSystemSynchronizedRootGroup;
			path = ProductsListAppUITests;
			sourceTree = "<group>";
		};
/* End PBXFileSystemSynchronizedRootGroup section */

/* Begin PBXFrameworksBuildPhase section */
		3076AA8E2DCB91B0004579FD /* Frameworks */ = {
			isa = PBXFrameworksBuildPhase;
			buildActionMask = 2147483647;
			files = (
			);
			runOnlyForDeploymentPostprocessing = 0;
		};
		3076AAA42DCB91B1004579FD /* Frameworks */ = {
			isa = PBXFrameworksBuildPhase;
			buildActionMask = 2147483647;
			files = (
			);
			runOnlyForDeploymentPostprocessing = 0;
		};
		3076AAAE2DCB91B1004579FD /* Frameworks */ = {
			isa = PBXFrameworksBuildPhase;
			buildActionMask = 2147483647;
			files = (
			);
			runOnlyForDeploymentPostprocessing = 0;
		};
/* End PBXFrameworksBuildPhase section */

/* Begin PBXGroup section */
		3076AA882DCB91B0004579FD = {
			isa = PBXGroup;
			children = (
				3076AA932DCB91B0004579FD /* ProductsListApp */,
				3076AAAA2DCB91B1004579FD /* ProductsListAppTests */,
				3076AAB42DCB91B1004579FD /* ProductsListAppUITests */,
				3076AA922DCB91B0004579FD /* Products */,
			);
			sourceTree = "<group>";
		};
		3076AA922DCB91B0004579FD /* Products */ = {
			isa = PBXGroup;
			children = (
				3076AA912DCB91B0004579FD /* ProductsListApp.app */,
				3076AAA72DCB91B1004579FD /* ProductsListAppTests.xctest */,
				3076AAB12DCB91B1004579FD /* ProductsListAppUITests.xctest */,
			);
			name = Products;
			sourceTree = "<group>";
		};
/* End PBXGroup section */

/* Begin PBXNativeTarget section */
		3076AA902DCB91B0004579FD /* ProductsListApp */ = {
			isa = PBXNativeTarget;
			buildConfigurationList = 3076AABA2DCB91B1004579FD /* Build configuration list for PBXNativeTarget "ProductsListApp" */;
			buildPhases = (
				3076AA8D2DCB91B0004579FD /* Sources */,
				3076AA8E2DCB91B0004579FD /* Frameworks */,
				3076AA8F2DCB91B0004579FD /* Resources */,
			);
			buildRules = (
			);
			dependencies = (
			);
			fileSystemSynchronizedGroups = (
				3076AA932DCB91B0004579FD /* ProductsListApp */,
			);
			name = ProductsListApp;
			packageProductDependencies = (
			);
			productName = ProductsListApp;
			productReference = 3076AA912DCB91B0004579FD /* ProductsListApp.app */;
			productType = "com.apple.product-type.application";
		};
		3076AAA62DCB91B1004579FD /* ProductsListAppTests */ = {
			isa = PBXNativeTarget;
			buildConfigurationList = 3076AABF2DCB91B1004579FD /* Build configuration list for PBXNativeTarget "ProductsListAppTests" */;
			buildPhases = (
				3076AAA32DCB91B1004579FD /* Sources */,
				3076AAA42DCB91B1004579FD /* Frameworks */,
				3076AAA52DCB91B1004579FD /* Resources */,
			);
			buildRules = (
			);
			dependencies = (
				3076AAA92DCB91B1004579FD /* PBXTargetDependency */,
			);
			fileSystemSynchronizedGroups = (
				3076AAAA2DCB91B1004579FD /* ProductsListAppTests */,
			);
			name = ProductsListAppTests;
			packageProductDependencies = (
			);
			productName = ProductsListAppTests;
			productReference = 3076AAA72DCB91B1004579FD /* ProductsListAppTests.xctest */;
			productType = "com.apple.product-type.bundle.unit-test";
		};
		3076AAB02DCB91B1004579FD /* ProductsListAppUITests */ = {
			isa = PBXNativeTarget;
			buildConfigurationList = 3076AAC22DCB91B1004579FD /* Build configuration list for PBXNativeTarget "ProductsListAppUITests" */;
			buildPhases = (
				3076AAAD2DCB91B1004579FD /* Sources */,
				3076AAAE2DCB91B1004579FD /* Frameworks */,
				3076AAAF2DCB91B1004579FD /* Resources */,
			);
			buildRules = (
			);
			dependencies = (
				3076AAB32DCB91B1004579FD /* PBXTargetDependency */,
			);
			fileSystemSynchronizedGroups = (
				3076AAB42DCB91B1004579FD /* ProductsListAppUITests */,
			);
			name = ProductsListAppUITests;
			packageProductDependencies = (
			);
			productName = ProductsListAppUITests;
			productReference = 3076AAB12DCB91B1004579FD /* ProductsListAppUITests.xctest */;
			productType = "com.apple.product-type.bundle.ui-testing";
		};
/* End PBXNativeTarget section */

/* Begin PBXProject section */
		3076AA892DCB91B0004579FD /* Project object */ = {
			isa = PBXProject;
			attributes = {
				BuildIndependentTargetsInParallel = 1;
				LastSwiftUpdateCheck = 1620;
				LastUpgradeCheck = 1620;
				TargetAttributes = {
					3076AA902DCB91B0004579FD = {
						CreatedOnToolsVersion = 16.2;
					};
					3076AAA62DCB91B1004579FD = {
						CreatedOnToolsVersion = 16.2;
						TestTargetID = 3076AA902DCB91B0004579FD;
					};
					3076AAB02DCB91B1004579FD = {
						CreatedOnToolsVersion = 16.2;
						TestTargetID = 3076AA902DCB91B0004579FD;
					};
				};
			};
			buildConfigurationList = 3076AA8C2DCB91B0004579FD /* Build configuration list for PBXProject "ProductsListApp" */;
			developmentRegion = en;
			hasScannedForEncodings = 0;
			knownRegions = (
				en,
				Base,
			);
			mainGroup = 3076AA882DCB91B0004579FD;
			minimizedProjectReferenceProxies = 1;
			preferredProjectObjectVersion = 77;
			productRefGroup = 3076AA922DCB91B0004579FD /* Products */;
			projectDirPath = "";
			projectRoot = "";
			targets = (
				3076AA902DCB91B0004579FD /* ProductsListApp */,
				3076AAA62DCB91B1004579FD /* ProductsListAppTests */,
				3076AAB02DCB91B1004579FD /* ProductsListAppUITests */,
			);
		};
/* End PBXProject section */

/* Begin PBXResourcesBuildPhase section */
		3076AA8F2DCB91B0004579FD /* Resources */ = {
			isa = PBXResourcesBuildPhase;
			buildActionMask = 2147483647;
			files = (
			);
			runOnlyForDeploymentPostprocessing = 0;
		};
		3076AAA52DCB91B1004579FD /* Resources */ = {
			isa = PBXResourcesBuildPhase;
			buildActionMask = 2147483647;
			files = (
			);
			runOnlyForDeploymentPostprocessing = 0;
		};
		3076AAAF2DCB91B1004579FD /* Resources */ = {
			isa = PBXResourcesBuildPhase;
			buildActionMask = 2147483647;
			files = (
			);
			runOnlyForDeploymentPostprocessing = 0;
		};
/* End PBXResourcesBuildPhase section */

/* Begin PBXSourcesBuildPhase section */
		3076AA8D2DCB91B0004579FD /* Sources */ = {
			isa = PBXSourcesBuildPhase;
			buildActionMask = 2147483647;
			files = (
			);
			runOnlyForDeploymentPostprocessing = 0;
		};
		3076AAA32DCB91B1004579FD /* Sources */ = {
			isa = PBXSourcesBuildPhase;
			buildActionMask = 2147483647;
			files = (
			);
			runOnlyForDeploymentPostprocessing = 0;
		};
		3076AAAD2DCB91B1004579FD /* Sources */ = {
			isa = PBXSourcesBuildPhase;
			buildActionMask = 2147483647;
			files = (
			);
			runOnlyForDeploymentPostprocessing = 0;
		};
/* End PBXSourcesBuildPhase section */

/* Begin PBXTargetDependency section */
		3076AAA92DCB91B1004579FD /* PBXTargetDependency */ = {
			isa = PBXTargetDependency;
			target = 3076AA902DCB91B0004579FD /* ProductsListApp */;
			targetProxy = 3076AAA82DCB91B1004579FD /* PBXContainerItemProxy */;
		};
		3076AAB32DCB91B1004579FD /* PBXTargetDependency */ = {
			isa = PBXTargetDependency;
			target = 3076AA902DCB91B0004579FD /* ProductsListApp */;
			targetProxy = 3076AAB22DCB91B1004579FD /* PBXContainerItemProxy */;
		};
/* End PBXTargetDependency section */

/* Begin XCBuildConfiguration section */
		3076AABB2DCB91B1004579FD /* Debug */ = {
			isa = XCBuildConfiguration;
			buildSettings = {
				ASSETCATALOG_COMPILER_APPICON_NAME = AppIcon;
				ASSETCATALOG_COMPILER_GLOBAL_ACCENT_COLOR_NAME = AccentColor;
				CODE_SIGN_STYLE = Automatic;
				CURRENT_PROJECT_VERSION = 1;
				GENERATE_INFOPLIST_FILE = YES;
				INFOPLIST_FILE = ProductsListApp/Info.plist;
				INFOPLIST_KEY_UIApplicationSupportsIndirectInputEvents = YES;
				INFOPLIST_KEY_UILaunchStoryboardName = LaunchScreen;
				INFOPLIST_KEY_UIMainStoryboardFile = Main;
				INFOPLIST_KEY_UISupportedInterfaceOrientations_iPad = "UIInterfaceOrientationPortrait UIInterfaceOrientationPortraitUpsideDown UIInterfaceOrientationLandscapeLeft UIInterfaceOrientationLandscapeRight";
				INFOPLIST_KEY_UISupportedInterfaceOrientations_iPhone = "UIInterfaceOrientationPortrait UIInterfaceOrientationLandscapeLeft UIInterfaceOrientationLandscapeRight";
				LD_RUNPATH_SEARCH_PATHS = (
					"$(inherited)",
					"@executable_path/Frameworks",
				);
				MARKETING_VERSION = 1.0;
				PRODUCT_BUNDLE_IDENTIFIER = com.rakhee.ProductsListApp;
				PRODUCT_NAME = "$(TARGET_NAME)";
				SWIFT_EMIT_LOC_STRINGS = YES;
				SWIFT_VERSION = 5.0;
				TARGETED_DEVICE_FAMILY = "1,2";
			};
			name = Debug;
		};
		3076AABC2DCB91B1004579FD /* Release */ = {
			isa = XCBuildConfiguration;
			buildSettings = {
				ASSETCATALOG_COMPILER_APPICON_NAME = AppIcon;
				ASSETCATALOG_COMPILER_GLOBAL_ACCENT_COLOR_NAME = AccentColor;
				CODE_SIGN_STYLE = Automatic;
				CURRENT_PROJECT_VERSION = 1;
				GENERATE_INFOPLIST_FILE = YES;
				INFOPLIST_FILE = ProductsListApp/Info.plist;
				INFOPLIST_KEY_UIApplicationSupportsIndirectInputEvents = YES;
				INFOPLIST_KEY_UILaunchStoryboardName = LaunchScreen;
				INFOPLIST_KEY_UIMainStoryboardFile = Main;
				INFOPLIST_KEY_UISupportedInterfaceOrientations_iPad = "UIInterfaceOrientationPortrait UIInterfaceOrientationPortraitUpsideDown UIInterfaceOrientationLandscapeLeft UIInterfaceOrientationLandscapeRight";
				INFOPLIST_KEY_UISupportedInterfaceOrientations_iPhone = "UIInterfaceOrientationPortrait UIInterfaceOrientationLandscapeLeft UIInterfaceOrientationLandscapeRight";
				LD_RUNPATH_SEARCH_PATHS = (
					"$(inherited)",
					"@executable_path/Frameworks",
				);
				MARKETING_VERSION = 1.0;
				PRODUCT_BUNDLE_IDENTIFIER = com.rakhee.ProductsListApp;
				PRODUCT_NAME = "$(TARGET_NAME)";
				SWIFT_EMIT_LOC_STRINGS = YES;
				SWIFT_VERSION = 5.0;
				TARGETED_DEVICE_FAMILY = "1,2";
			};
			name = Release;
		};
		3076AABD2DCB91B1004579FD /* Debug */ = {
			isa = XCBuildConfiguration;
			buildSettings = {
				ALWAYS_SEARCH_USER_PATHS = NO;
				ASSETCATALOG_COMPILER_GENERATE_SWIFT_ASSET_SYMBOL_EXTENSIONS = YES;
				CLANG_ANALYZER_NONNULL = YES;
				CLANG_ANALYZER_NUMBER_OBJECT_CONVERSION = YES_AGGRESSIVE;
				CLANG_CXX_LANGUAGE_STANDARD = "gnu++20";
				CLANG_ENABLE_MODULES = YES;
				CLANG_ENABLE_OBJC_ARC = YES;
				CLANG_ENABLE_OBJC_WEAK = YES;
				CLANG_WARN_BLOCK_CAPTURE_AUTORELEASING = YES;
				CLANG_WARN_BOOL_CONVERSION = YES;
				CLANG_WARN_COMMA = YES;
				CLANG_WARN_CONSTANT_CONVERSION = YES;
				CLANG_WARN_DEPRECATED_OBJC_IMPLEMENTATIONS = YES;
				CLANG_WARN_DIRECT_OBJC_ISA_USAGE = YES_ERROR;
				CLANG_WARN_DOCUMENTATION_COMMENTS = YES;
				CLANG_WARN_EMPTY_BODY = YES;
				CLANG_WARN_ENUM_CONVERSION = YES;
				CLANG_WARN_INFINITE_RECURSION = YES;
				CLANG_WARN_INT_CONVERSION = YES;
				CLANG_WARN_NON_LITERAL_NULL_CONVERSION = YES;
				CLANG_WARN_OBJC_IMPLICIT_RETAIN_SELF = YES;
				CLANG_WARN_OBJC_LITERAL_CONVERSION = YES;
				CLANG_WARN_OBJC_ROOT_CLASS = YES_ERROR;
				CLANG_WARN_QUOTED_INCLUDE_IN_FRAMEWORK_HEADER = YES;
				CLANG_WARN_RANGE_LOOP_ANALYSIS = YES;
				CLANG_WARN_STRICT_PROTOTYPES = YES;
				CLANG_WARN_SUSPICIOUS_MOVE = YES;
				CLANG_WARN_UNGUARDED_AVAILABILITY = YES_AGGRESSIVE;
				CLANG_WARN_UNREACHABLE_CODE = YES;
				CLANG_WARN__DUPLICATE_METHOD_MATCH = YES;
				COPY_PHASE_STRIP = NO;
				DEBUG_INFORMATION_FORMAT = dwarf;
				ENABLE_STRICT_OBJC_MSGSEND = YES;
				ENABLE_TESTABILITY = YES;
				ENABLE_USER_SCRIPT_SANDBOXING = YES;
				GCC_C_LANGUAGE_STANDARD = gnu17;
				GCC_DYNAMIC_NO_PIC = NO;
				GCC_NO_COMMON_BLOCKS = YES;
				GCC_OPTIMIZATION_LEVEL = 0;
				GCC_PREPROCESSOR_DEFINITIONS = (
					"DEBUG=1",
					"$(inherited)",
				);
				GCC_WARN_64_TO_32_BIT_CONVERSION = YES;
				GCC_WARN_ABOUT_RETURN_TYPE = YES_ERROR;
				GCC_WARN_UNDECLARED_SELECTOR = YES;
				GCC_WARN_UNINITIALIZED_AUTOS = YES_AGGRESSIVE;
				GCC_WARN_UNUSED_FUNCTION = YES;
				GCC_WARN_UNUSED_VARIABLE = YES;
				IPHONEOS_DEPLOYMENT_TARGET = 18.2;
				LOCALIZATION_PREFERS_STRING_CATALOGS = YES;
				MTL_ENABLE_DEBUG_INFO = INCLUDE_SOURCE;
				MTL_FAST_MATH = YES;
				ONLY_ACTIVE_ARCH = YES;
				SDKROOT = iphoneos;
				SWIFT_ACTIVE_COMPILATION_CONDITIONS = "DEBUG $(inherited)";
				SWIFT_OPTIMIZATION_LEVEL = "-Onone";
			};
			name = Debug;
		};
		3076AABE2DCB91B1004579FD /* Release */ = {
			isa = XCBuildConfiguration;
			buildSettings = {
				ALWAYS_SEARCH_USER_PATHS = NO;
				ASSETCATALOG_COMPILER_GENERATE_SWIFT_ASSET_SYMBOL_EXTENSIONS = YES;
				CLANG_ANALYZER_NONNULL = YES;
				CLANG_ANALYZER_NUMBER_OBJECT_CONVERSION = YES_AGGRESSIVE;
				CLANG_CXX_LANGUAGE_STANDARD = "gnu++20";
				CLANG_ENABLE_MODULES = YES;
				CLANG_ENABLE_OBJC_ARC = YES;
				CLANG_ENABLE_OBJC_WEAK = YES;
				CLANG_WARN_BLOCK_CAPTURE_AUTORELEASING = YES;
				CLANG_WARN_BOOL_CONVERSION = YES;
				CLANG_WARN_COMMA = YES;
				CLANG_WARN_CONSTANT_CONVERSION = YES;
				CLANG_WARN_DEPRECATED_OBJC_IMPLEMENTATIONS = YES;
				CLANG_WARN_DIRECT_OBJC_ISA_USAGE = YES_ERROR;
				CLANG_WARN_DOCUMENTATION_COMMENTS = YES;
				CLANG_WARN_EMPTY_BODY = YES;
				CLANG_WARN_ENUM_CONVERSION = YES;
				CLANG_WARN_INFINITE_RECURSION = YES;
				CLANG_WARN_INT_CONVERSION = YES;
				CLANG_WARN_NON_LITERAL_NULL_CONVERSION = YES;
				CLANG_WARN_OBJC_IMPLICIT_RETAIN_SELF = YES;
				CLANG_WARN_OBJC_LITERAL_CONVERSION = YES;
				CLANG_WARN_OBJC_ROOT_CLASS = YES_ERROR;
				CLANG_WARN_QUOTED_INCLUDE_IN_FRAMEWORK_HEADER = YES;
				CLANG_WARN_RANGE_LOOP_ANALYSIS = YES;
				CLANG_WARN_STRICT_PROTOTYPES = YES;
				CLANG_WARN_SUSPICIOUS_MOVE = YES;
				CLANG_WARN_UNGUARDED_AVAILABILITY = YES_AGGRESSIVE;
				CLANG_WARN_UNREACHABLE_CODE = YES;
				CLANG_WARN__DUPLICATE_METHOD_MATCH = YES;
				COPY_PHASE_STRIP = NO;
				DEBUG_INFORMATION_FORMAT = "dwarf-with-dsym";
				ENABLE_NS_ASSERTIONS = NO;
				ENABLE_STRICT_OBJC_MSGSEND = YES;
				ENABLE_USER_SCRIPT_SANDBOXING = YES;
				GCC_C_LANGUAGE_STANDARD = gnu17;
				GCC_NO_COMMON_BLOCKS = YES;
				GCC_WARN_64_TO_32_BIT_CONVERSION = YES;
				GCC_WARN_ABOUT_RETURN_TYPE = YES_ERROR;
				GCC_WARN_UNDECLARED_SELECTOR = YES;
				GCC_WARN_UNINITIALIZED_AUTOS = YES_AGGRESSIVE;
				GCC_WARN_UNUSED_FUNCTION = YES;
				GCC_WARN_UNUSED_VARIABLE = YES;
				IPHONEOS_DEPLOYMENT_TARGET = 18.2;
				LOCALIZATION_PREFERS_STRING_CATALOGS = YES;
				MTL_ENABLE_DEBUG_INFO = NO;
				MTL_FAST_MATH = YES;
				SDKROOT = iphoneos;
				SWIFT_COMPILATION_MODE = wholemodule;
				VALIDATE_PRODUCT = YES;
			};
			name = Release;
		};
		3076AAC02DCB91B1004579FD /* Debug */ = {
			isa = XCBuildConfiguration;
			buildSettings = {
				BUNDLE_LOADER = "$(TEST_HOST)";
				CODE_SIGN_STYLE = Automatic;
				CURRENT_PROJECT_VERSION = 1;
				GENERATE_INFOPLIST_FILE = YES;
				IPHONEOS_DEPLOYMENT_TARGET = 18.2;
				MARKETING_VERSION = 1.0;
				PRODUCT_BUNDLE_IDENTIFIER = com.rakhee.ProductsListAppTests;
				PRODUCT_NAME = "$(TARGET_NAME)";
				SWIFT_EMIT_LOC_STRINGS = NO;
				SWIFT_VERSION = 5.0;
				TARGETED_DEVICE_FAMILY = "1,2";
				TEST_HOST = "$(BUILT_PRODUCTS_DIR)/ProductsListApp.app/$(BUNDLE_EXECUTABLE_FOLDER_PATH)/ProductsListApp";
			};
			name = Debug;
		};
		3076AAC12DCB91B1004579FD /* Release */ = {
			isa = XCBuildConfiguration;
			buildSettings = {
				BUNDLE_LOADER = "$(TEST_HOST)";
				CODE_SIGN_STYLE = Automatic;
				CURRENT_PROJECT_VERSION = 1;
				GENERATE_INFOPLIST_FILE = YES;
				IPHONEOS_DEPLOYMENT_TARGET = 18.2;
				MARKETING_VERSION = 1.0;
				PRODUCT_BUNDLE_IDENTIFIER = com.rakhee.ProductsListAppTests;
				PRODUCT_NAME = "$(TARGET_NAME)";
				SWIFT_EMIT_LOC_STRINGS = NO;
				SWIFT_VERSION = 5.0;
				TARGETED_DEVICE_FAMILY = "1,2";
				TEST_HOST = "$(BUILT_PRODUCTS_DIR)/ProductsListApp.app/$(BUNDLE_EXECUTABLE_FOLDER_PATH)/ProductsListApp";
			};
			name = Release;
		};
		3076AAC32DCB91B1004579FD /* Debug */ = {
			isa = XCBuildConfiguration;
			buildSettings = {
				CODE_SIGN_STYLE = Automatic;
				CURRENT_PROJECT_VERSION = 1;
				GENERATE_INFOPLIST_FILE = YES;
				MARKETING_VERSION = 1.0;
				PRODUCT_BUNDLE_IDENTIFIER = com.rakhee.ProductsListAppUITests;
				PRODUCT_NAME = "$(TARGET_NAME)";
				SWIFT_EMIT_LOC_STRINGS = NO;
				SWIFT_VERSION = 5.0;
				TARGETED_DEVICE_FAMILY = "1,2";
				TEST_TARGET_NAME = ProductsListApp;
			};
			name = Debug;
		};
		3076AAC42DCB91B1004579FD /* Release */ = {
			isa = XCBuildConfiguration;
			buildSettings = {
				CODE_SIGN_STYLE = Automatic;
				CURRENT_PROJECT_VERSION = 1;
				GENERATE_INFOPLIST_FILE = YES;
				MARKETING_VERSION = 1.0;
				PRODUCT_BUNDLE_IDENTIFIER = com.rakhee.ProductsListAppUITests;
				PRODUCT_NAME = "$(TARGET_NAME)";
				SWIFT_EMIT_LOC_STRINGS = NO;
				SWIFT_VERSION = 5.0;
				TARGETED_DEVICE_FAMILY = "1,2";
				TEST_TARGET_NAME = ProductsListApp;
			};
			name = Release;
		};
/* End XCBuildConfiguration section */

/* Begin XCConfigurationList section */
		3076AA8C2DCB91B0004579FD /* Build configuration list for PBXProject "ProductsListApp" */ = {
			isa = XCConfigurationList;
			buildConfigurations = (
				3076AABD2DCB91B1004579FD /* Debug */,
				3076AABE2DCB91B1004579FD /* Release */,
			);
			defaultConfigurationIsVisible = 0;
			defaultConfigurationName = Release;
		};
		3076AABA2DCB91B1004579FD /* Build configuration list for PBXNativeTarget "ProductsListApp" */ = {
			isa = XCConfigurationList;
			buildConfigurations = (
				3076AABB2DCB91B1004579FD /* Debug */,
				3076AABC2DCB91B1004579FD /* Release */,
			);
			defaultConfigurationIsVisible = 0;
			defaultConfigurationName = Release;
		};
		3076AABF2DCB91B1004579FD /* Build configuration list for PBXNativeTarget "ProductsListAppTests" */ = {
			isa = XCConfigurationList;
			buildConfigurations = (
				3076AAC02DCB91B1004579FD /* Debug */,
				3076AAC12DCB91B1004579FD /* Release */,
			);
			defaultConfigurationIsVisible = 0;
			defaultConfigurationName = Release;
		};
		3076AAC22DCB91B1004579FD /* Build configuration list for PBXNativeTarget "ProductsListAppUITests" */ = {
			isa = XCConfigurationList;
			buildConfigurations = (
				3076AAC32DCB91B1004579FD /* Debug */,
				3076AAC42DCB91B1004579FD /* Release */,
			);
			defaultConfigurationIsVisible = 0;
			defaultConfigurationName = Release;
		};
/* End XCConfigurationList section */
	};
	rootObject = 3076AA892DCB91B0004579FD /* Project object */;
}
